// !$*UTF8*$!
{
	archiveVersion = 1;
	classes = {
	};
	objectVersion = 77;
	objects = {

/* Begin PBXContainerItemProxy section */
		F5C5F0272D65A54C000D3812 /* PBXContainerItemProxy */ = {
			isa = PBXContainerItemProxy;
			containerPortal = F5C5F0082D65A547000D3812 /* Project object */;
			proxyType = 1;
			remoteGlobalIDString = F5C5F00F2D65A547000D3812;
			remoteInfo = EntrePatasVet;
		};
		F5C5F0312D65A54C000D3812 /* PBXContainerItemProxy */ = {
			isa = PBXContainerItemProxy;
			containerPortal = F5C5F0082D65A547000D3812 /* Project object */;
			proxyType = 1;
			remoteGlobalIDString = F5C5F00F2D65A547000D3812;
			remoteInfo = EntrePatasVet;
		};
/* End PBXContainerItemProxy section */

/* Begin PBXFileReference section */
		F5C5F0102D65A547000D3812 /* EntrePatasVet.app */ = {isa = PBXFileReference; explicitFileType = wrapper.application; includeInIndex = 0; path = EntrePatasVet.app; sourceTree = BUILT_PRODUCTS_DIR; };
		F5C5F0262D65A54C000D3812 /* EntrePatasVetTests.xctest */ = {isa = PBXFileReference; explicitFileType = wrapper.cfbundle; includeInIndex = 0; path = EntrePatasVetTests.xctest; sourceTree = BUILT_PRODUCTS_DIR; };
		F5C5F0302D65A54C000D3812 /* EntrePatasVetUITests.xctest */ = {isa = PBXFileReference; explicitFileType = wrapper.cfbundle; includeInIndex = 0; path = EntrePatasVetUITests.xctest; sourceTree = BUILT_PRODUCTS_DIR; };
/* End PBXFileReference section */

/* Begin PBXFileSystemSynchronizedBuildFileExceptionSet section */
		F5C5F0382D65A54C000D3812 /* Exceptions for "EntrePatasVet" folder in "EntrePatasVet" target */ = {
			isa = PBXFileSystemSynchronizedBuildFileExceptionSet;
			membershipExceptions = (
				Info.plist,
			);
			target = F5C5F00F2D65A547000D3812 /* EntrePatasVet */;
		};
/* End PBXFileSystemSynchronizedBuildFileExceptionSet section */

/* Begin PBXFileSystemSynchronizedRootGroup section */
		F5C5F0122D65A547000D3812 /* EntrePatasVet */ = {
			isa = PBXFileSystemSynchronizedRootGroup;
			exceptions = (
				F5C5F0382D65A54C000D3812 /* Exceptions for "EntrePatasVet" folder in "EntrePatasVet" target */,
			);
			path = EntrePatasVet;
			sourceTree = "<group>";
		};
		F5C5F0292D65A54C000D3812 /* EntrePatasVetTests */ = {
			isa = PBXFileSystemSynchronizedRootGroup;
			path = EntrePatasVetTests;
			sourceTree = "<group>";
		};
		F5C5F0332D65A54C000D3812 /* EntrePatasVetUITests */ = {
			isa = PBXFileSystemSynchronizedRootGroup;
			path = EntrePatasVetUITests;
			sourceTree = "<group>";
		};
/* End PBXFileSystemSynchronizedRootGroup section */

/* Begin PBXFrameworksBuildPhase section */
		F5C5F00D2D65A547000D3812 /* Frameworks */ = {
			isa = PBXFrameworksBuildPhase;
			buildActionMask = 2147483647;
			files = (
			);
			runOnlyForDeploymentPostprocessing = 0;
		};
		F5C5F0232D65A54C000D3812 /* Frameworks */ = {
			isa = PBXFrameworksBuildPhase;
			buildActionMask = 2147483647;
			files = (
			);
			runOnlyForDeploymentPostprocessing = 0;
		};
		F5C5F02D2D65A54C000D3812 /* Frameworks */ = {
			isa = PBXFrameworksBuildPhase;
			buildActionMask = 2147483647;
			files = (
			);
			runOnlyForDeploymentPostprocessing = 0;
		};
/* End PBXFrameworksBuildPhase section */

/* Begin PBXGroup section */
		F5C5F0072D65A547000D3812 = {
			isa = PBXGroup;
			children = (
				F5C5F0122D65A547000D3812 /* EntrePatasVet */,
				F5C5F0292D65A54C000D3812 /* EntrePatasVetTests */,
				F5C5F0332D65A54C000D3812 /* EntrePatasVetUITests */,
				F5C5F0112D65A547000D3812 /* Products */,
			);
			sourceTree = "<group>";
		};
		F5C5F0112D65A547000D3812 /* Products */ = {
			isa = PBXGroup;
			children = (
				F5C5F0102D65A547000D3812 /* EntrePatasVet.app */,
				F5C5F0262D65A54C000D3812 /* EntrePatasVetTests.xctest */,
				F5C5F0302D65A54C000D3812 /* EntrePatasVetUITests.xctest */,
			);
			name = Products;
			sourceTree = "<group>";
		};
/* End PBXGroup section */

/* Begin PBXNativeTarget section */
		F5C5F00F2D65A547000D3812 /* EntrePatasVet */ = {
			isa = PBXNativeTarget;
			buildConfigurationList = F5C5F0392D65A54C000D3812 /* Build configuration list for PBXNativeTarget "EntrePatasVet" */;
			buildPhases = (
				F5C5F00C2D65A547000D3812 /* Sources */,
				F5C5F00D2D65A547000D3812 /* Frameworks */,
				F5C5F00E2D65A547000D3812 /* Resources */,
			);
			buildRules = (
			);
			dependencies = (
			);
			fileSystemSynchronizedGroups = (
				F5C5F0122D65A547000D3812 /* EntrePatasVet */,
			);
			name = EntrePatasVet;
			packageProductDependencies = (
			);
			productName = EntrePatasVet;
			productReference = F5C5F0102D65A547000D3812 /* EntrePatasVet.app */;
			productType = "com.apple.product-type.application";
		};
		F5C5F0252D65A54C000D3812 /* EntrePatasVetTests */ = {
			isa = PBXNativeTarget;
			buildConfigurationList = F5C5F03E2D65A54C000D3812 /* Build configuration list for PBXNativeTarget "EntrePatasVetTests" */;
			buildPhases = (
				F5C5F0222D65A54C000D3812 /* Sources */,
				F5C5F0232D65A54C000D3812 /* Frameworks */,
				F5C5F0242D65A54C000D3812 /* Resources */,
			);
			buildRules = (
			);
			dependencies = (
				F5C5F0282D65A54C000D3812 /* PBXTargetDependency */,
			);
			fileSystemSynchronizedGroups = (
				F5C5F0292D65A54C000D3812 /* EntrePatasVetTests */,
			);
			name = EntrePatasVetTests;
			packageProductDependencies = (
			);
			productName = EntrePatasVetTests;
			productReference = F5C5F0262D65A54C000D3812 /* EntrePatasVetTests.xctest */;
			productType = "com.apple.product-type.bundle.unit-test";
		};
		F5C5F02F2D65A54C000D3812 /* EntrePatasVetUITests */ = {
			isa = PBXNativeTarget;
			buildConfigurationList = F5C5F0412D65A54C000D3812 /* Build configuration list for PBXNativeTarget "EntrePatasVetUITests" */;
			buildPhases = (
				F5C5F02C2D65A54C000D3812 /* Sources */,
				F5C5F02D2D65A54C000D3812 /* Frameworks */,
				F5C5F02E2D65A54C000D3812 /* Resources */,
			);
			buildRules = (
			);
			dependencies = (
				F5C5F0322D65A54C000D3812 /* PBXTargetDependency */,
			);
			fileSystemSynchronizedGroups = (
				F5C5F0332D65A54C000D3812 /* EntrePatasVetUITests */,
			);
			name = EntrePatasVetUITests;
			packageProductDependencies = (
			);
			productName = EntrePatasVetUITests;
			productReference = F5C5F0302D65A54C000D3812 /* EntrePatasVetUITests.xctest */;
			productType = "com.apple.product-type.bundle.ui-testing";
		};
/* End PBXNativeTarget section */

/* Begin PBXProject section */
		F5C5F0082D65A547000D3812 /* Project object */ = {
			isa = PBXProject;
			attributes = {
				BuildIndependentTargetsInParallel = 1;
				LastSwiftUpdateCheck = 1620;
				LastUpgradeCheck = 1620;
				TargetAttributes = {
					F5C5F00F2D65A547000D3812 = {
						CreatedOnToolsVersion = 16.2;
					};
					F5C5F0252D65A54C000D3812 = {
						CreatedOnToolsVersion = 16.2;
						TestTargetID = F5C5F00F2D65A547000D3812;
					};
					F5C5F02F2D65A54C000D3812 = {
						CreatedOnToolsVersion = 16.2;
						TestTargetID = F5C5F00F2D65A547000D3812;
					};
				};
			};
			buildConfigurationList = F5C5F00B2D65A547000D3812 /* Build configuration list for PBXProject "EntrePatasVet" */;
			developmentRegion = en;
			hasScannedForEncodings = 0;
			knownRegions = (
				en,
				Base,
			);
			mainGroup = F5C5F0072D65A547000D3812;
			minimizedProjectReferenceProxies = 1;
			preferredProjectObjectVersion = 77;
			productRefGroup = F5C5F0112D65A547000D3812 /* Products */;
			projectDirPath = "";
			projectRoot = "";
			targets = (
				F5C5F00F2D65A547000D3812 /* EntrePatasVet */,
				F5C5F0252D65A54C000D3812 /* EntrePatasVetTests */,
				F5C5F02F2D65A54C000D3812 /* EntrePatasVetUITests */,
			);
		};
/* End PBXProject section */

/* Begin PBXResourcesBuildPhase section */
		F5C5F00E2D65A547000D3812 /* Resources */ = {
			isa = PBXResourcesBuildPhase;
			buildActionMask = 2147483647;
			files = (
			);
			runOnlyForDeploymentPostprocessing = 0;
		};
		F5C5F0242D65A54C000D3812 /* Resources */ = {
			isa = PBXResourcesBuildPhase;
			buildActionMask = 2147483647;
			files = (
			);
			runOnlyForDeploymentPostprocessing = 0;
		};
		F5C5F02E2D65A54C000D3812 /* Resources */ = {
			isa = PBXResourcesBuildPhase;
			buildActionMask = 2147483647;
			files = (
			);
			runOnlyForDeploymentPostprocessing = 0;
		};
/* End PBXResourcesBuildPhase section */

/* Begin PBXSourcesBuildPhase section */
		F5C5F00C2D65A547000D3812 /* Sources */ = {
			isa = PBXSourcesBuildPhase;
			buildActionMask = 2147483647;
			files = (
			);
			runOnlyForDeploymentPostprocessing = 0;
		};
		F5C5F0222D65A54C000D3812 /* Sources */ = {
			isa = PBXSourcesBuildPhase;
			buildActionMask = 2147483647;
			files = (
			);
			runOnlyForDeploymentPostprocessing = 0;
		};
		F5C5F02C2D65A54C000D3812 /* Sources */ = {
			isa = PBXSourcesBuildPhase;
			buildActionMask = 2147483647;
			files = (
			);
			runOnlyForDeploymentPostprocessing = 0;
		};
/* End PBXSourcesBuildPhase section */

/* Begin PBXTargetDependency section */
		F5C5F0282D65A54C000D3812 /* PBXTargetDependency */ = {
			isa = PBXTargetDependency;
			target = F5C5F00F2D65A547000D3812 /* EntrePatasVet */;
			targetProxy = F5C5F0272D65A54C000D3812 /* PBXContainerItemProxy */;
		};
		F5C5F0322D65A54C000D3812 /* PBXTargetDependency */ = {
			isa = PBXTargetDependency;
			target = F5C5F00F2D65A547000D3812 /* EntrePatasVet */;
			targetProxy = F5C5F0312D65A54C000D3812 /* PBXContainerItemProxy */;
		};
/* End PBXTargetDependency section */

/* Begin XCBuildConfiguration section */
		F5C5F03A2D65A54C000D3812 /* Debug */ = {
			isa = XCBuildConfiguration;
			buildSettings = {
				ASSETCATALOG_COMPILER_APPICON_NAME = AppIcon;
				ASSETCATALOG_COMPILER_GLOBAL_ACCENT_COLOR_NAME = AccentColor;
				CODE_SIGN_STYLE = Automatic;
				CURRENT_PROJECT_VERSION = 1;
				DEVELOPMENT_TEAM = B97JTSGWZ2;
				GENERATE_INFOPLIST_FILE = YES;
				INFOPLIST_FILE = EntrePatasVet/Info.plist;
				INFOPLIST_KEY_UIApplicationSupportsIndirectInputEvents = YES;
				INFOPLIST_KEY_UILaunchStoryboardName = LaunchScreen;
				INFOPLIST_KEY_UIMainStoryboardFile = Main;
				INFOPLIST_KEY_UISupportedInterfaceOrientations_iPad = "UIInterfaceOrientationPortrait UIInterfaceOrientationPortraitUpsideDown UIInterfaceOrientationLandscapeLeft UIInterfaceOrientationLandscapeRight";
				INFOPLIST_KEY_UISupportedInterfaceOrientations_iPhone = "UIInterfaceOrientationPortrait UIInterfaceOrientationLandscapeLeft UIInterfaceOrientationLandscapeRight";
				LD_RUNPATH_SEARCH_PATHS = (
					"$(inherited)",
					"@executable_path/Frameworks",
				);
				MARKETING_VERSION = 1.0;
				PRODUCT_BUNDLE_IDENTIFIER = com.shibuyaxpress.EntrePatasVet;
				PRODUCT_NAME = "$(TARGET_NAME)";
				SWIFT_EMIT_LOC_STRINGS = YES;
				SWIFT_VERSION = 5.0;
				TARGETED_DEVICE_FAMILY = "1,2";
			};
			name = Debug;
		};
		F5C5F03B2D65A54C000D3812 /* Release */ = {
			isa = XCBuildConfiguration;
			buildSettings = {
				ASSETCATALOG_COMPILER_APPICON_NAME = AppIcon;
				ASSETCATALOG_COMPILER_GLOBAL_ACCENT_COLOR_NAME = AccentColor;
				CODE_SIGN_STYLE = Automatic;
				CURRENT_PROJECT_VERSION = 1;
				DEVELOPMENT_TEAM = B97JTSGWZ2;
				GENERATE_INFOPLIST_FILE = YES;
				INFOPLIST_FILE = EntrePatasVet/Info.plist;
				INFOPLIST_KEY_UIApplicationSupportsIndirectInputEvents = YES;
				INFOPLIST_KEY_UILaunchStoryboardName = LaunchScreen;
				INFOPLIST_KEY_UIMainStoryboardFile = Main;
				INFOPLIST_KEY_UISupportedInterfaceOrientations_iPad = "UIInterfaceOrientationPortrait UIInterfaceOrientationPortraitUpsideDown UIInterfaceOrientationLandscapeLeft UIInterfaceOrientationLandscapeRight";
				INFOPLIST_KEY_UISupportedInterfaceOrientations_iPhone = "UIInterfaceOrientationPortrait UIInterfaceOrientationLandscapeLeft UIInterfaceOrientationLandscapeRight";
				LD_RUNPATH_SEARCH_PATHS = (
					"$(inherited)",
					"@executable_path/Frameworks",
				);
				MARKETING_VERSION = 1.0;
				PRODUCT_BUNDLE_IDENTIFIER = com.shibuyaxpress.EntrePatasVet;
				PRODUCT_NAME = "$(TARGET_NAME)";
				SWIFT_EMIT_LOC_STRINGS = YES;
				SWIFT_VERSION = 5.0;
				TARGETED_DEVICE_FAMILY = "1,2";
			};
			name = Release;
		};
		F5C5F03C2D65A54C000D3812 /* Debug */ = {
			isa = XCBuildConfiguration;
			buildSettings = {
				ALWAYS_SEARCH_USER_PATHS = NO;
				ASSETCATALOG_COMPILER_GENERATE_SWIFT_ASSET_SYMBOL_EXTENSIONS = YES;
				CLANG_ANALYZER_NONNULL = YES;
				CLANG_ANALYZER_NUMBER_OBJECT_CONVERSION = YES_AGGRESSIVE;
				CLANG_CXX_LANGUAGE_STANDARD = "gnu++20";
				CLANG_ENABLE_MODULES = YES;
				CLANG_ENABLE_OBJC_ARC = YES;
				CLANG_ENABLE_OBJC_WEAK = YES;
				CLANG_WARN_BLOCK_CAPTURE_AUTORELEASING = YES;
				CLANG_WARN_BOOL_CONVERSION = YES;
				CLANG_WARN_COMMA = YES;
				CLANG_WARN_CONSTANT_CONVERSION = YES;
				CLANG_WARN_DEPRECATED_OBJC_IMPLEMENTATIONS = YES;
				CLANG_WARN_DIRECT_OBJC_ISA_USAGE = YES_ERROR;
				CLANG_WARN_DOCUMENTATION_COMMENTS = YES;
				CLANG_WARN_EMPTY_BODY = YES;
				CLANG_WARN_ENUM_CONVERSION = YES;
				CLANG_WARN_INFINITE_RECURSION = YES;
				CLANG_WARN_INT_CONVERSION = YES;
				CLANG_WARN_NON_LITERAL_NULL_CONVERSION = YES;
				CLANG_WARN_OBJC_IMPLICIT_RETAIN_SELF = YES;
				CLANG_WARN_OBJC_LITERAL_CONVERSION = YES;
				CLANG_WARN_OBJC_ROOT_CLASS = YES_ERROR;
				CLANG_WARN_QUOTED_INCLUDE_IN_FRAMEWORK_HEADER = YES;
				CLANG_WARN_RANGE_LOOP_ANALYSIS = YES;
				CLANG_WARN_STRICT_PROTOTYPES = YES;
				CLANG_WARN_SUSPICIOUS_MOVE = YES;
				CLANG_WARN_UNGUARDED_AVAILABILITY = YES_AGGRESSIVE;
				CLANG_WARN_UNREACHABLE_CODE = YES;
				CLANG_WARN__DUPLICATE_METHOD_MATCH = YES;
				COPY_PHASE_STRIP = NO;
				DEBUG_INFORMATION_FORMAT = dwarf;
				ENABLE_STRICT_OBJC_MSGSEND = YES;
				ENABLE_TESTABILITY = YES;
				ENABLE_USER_SCRIPT_SANDBOXING = YES;
				GCC_C_LANGUAGE_STANDARD = gnu17;
				GCC_DYNAMIC_NO_PIC = NO;
				GCC_NO_COMMON_BLOCKS = YES;
				GCC_OPTIMIZATION_LEVEL = 0;
				GCC_PREPROCESSOR_DEFINITIONS = (
					"DEBUG=1",
					"$(inherited)",
				);
				GCC_WARN_64_TO_32_BIT_CONVERSION = YES;
				GCC_WARN_ABOUT_RETURN_TYPE = YES_ERROR;
				GCC_WARN_UNDECLARED_SELECTOR = YES;
				GCC_WARN_UNINITIALIZED_AUTOS = YES_AGGRESSIVE;
				GCC_WARN_UNUSED_FUNCTION = YES;
				GCC_WARN_UNUSED_VARIABLE = YES;
				IPHONEOS_DEPLOYMENT_TARGET = 18.2;
				LOCALIZATION_PREFERS_STRING_CATALOGS = YES;
				MTL_ENABLE_DEBUG_INFO = INCLUDE_SOURCE;
				MTL_FAST_MATH = YES;
				ONLY_ACTIVE_ARCH = YES;
				SDKROOT = iphoneos;
				SWIFT_ACTIVE_COMPILATION_CONDITIONS = "DEBUG $(inherited)";
				SWIFT_OPTIMIZATION_LEVEL = "-Onone";
			};
			name = Debug;
		};
		F5C5F03D2D65A54C000D3812 /* Release */ = {
			isa = XCBuildConfiguration;
			buildSettings = {
				ALWAYS_SEARCH_USER_PATHS = NO;
				ASSETCATALOG_COMPILER_GENERATE_SWIFT_ASSET_SYMBOL_EXTENSIONS = YES;
				CLANG_ANALYZER_NONNULL = YES;
				CLANG_ANALYZER_NUMBER_OBJECT_CONVERSION = YES_AGGRESSIVE;
				CLANG_CXX_LANGUAGE_STANDARD = "gnu++20";
				CLANG_ENABLE_MODULES = YES;
				CLANG_ENABLE_OBJC_ARC = YES;
				CLANG_ENABLE_OBJC_WEAK = YES;
				CLANG_WARN_BLOCK_CAPTURE_AUTORELEASING = YES;
				CLANG_WARN_BOOL_CONVERSION = YES;
				CLANG_WARN_COMMA = YES;
				CLANG_WARN_CONSTANT_CONVERSION = YES;
				CLANG_WARN_DEPRECATED_OBJC_IMPLEMENTATIONS = YES;
				CLANG_WARN_DIRECT_OBJC_ISA_USAGE = YES_ERROR;
				CLANG_WARN_DOCUMENTATION_COMMENTS = YES;
				CLANG_WARN_EMPTY_BODY = YES;
				CLANG_WARN_ENUM_CONVERSION = YES;
				CLANG_WARN_INFINITE_RECURSION = YES;
				CLANG_WARN_INT_CONVERSION = YES;
				CLANG_WARN_NON_LITERAL_NULL_CONVERSION = YES;
				CLANG_WARN_OBJC_IMPLICIT_RETAIN_SELF = YES;
				CLANG_WARN_OBJC_LITERAL_CONVERSION = YES;
				CLANG_WARN_OBJC_ROOT_CLASS = YES_ERROR;
				CLANG_WARN_QUOTED_INCLUDE_IN_FRAMEWORK_HEADER = YES;
				CLANG_WARN_RANGE_LOOP_ANALYSIS = YES;
				CLANG_WARN_STRICT_PROTOTYPES = YES;
				CLANG_WARN_SUSPICIOUS_MOVE = YES;
				CLANG_WARN_UNGUARDED_AVAILABILITY = YES_AGGRESSIVE;
				CLANG_WARN_UNREACHABLE_CODE = YES;
				CLANG_WARN__DUPLICATE_METHOD_MATCH = YES;
				COPY_PHASE_STRIP = NO;
				DEBUG_INFORMATION_FORMAT = "dwarf-with-dsym";
				ENABLE_NS_ASSERTIONS = NO;
				ENABLE_STRICT_OBJC_MSGSEND = YES;
				ENABLE_USER_SCRIPT_SANDBOXING = YES;
				GCC_C_LANGUAGE_STANDARD = gnu17;
				GCC_NO_COMMON_BLOCKS = YES;
				GCC_WARN_64_TO_32_BIT_CONVERSION = YES;
				GCC_WARN_ABOUT_RETURN_TYPE = YES_ERROR;
				GCC_WARN_UNDECLARED_SELECTOR = YES;
				GCC_WARN_UNINITIALIZED_AUTOS = YES_AGGRESSIVE;
				GCC_WARN_UNUSED_FUNCTION = YES;
				GCC_WARN_UNUSED_VARIABLE = YES;
				IPHONEOS_DEPLOYMENT_TARGET = 18.2;
				LOCALIZATION_PREFERS_STRING_CATALOGS = YES;
				MTL_ENABLE_DEBUG_INFO = NO;
				MTL_FAST_MATH = YES;
				SDKROOT = iphoneos;
				SWIFT_COMPILATION_MODE = wholemodule;
				VALIDATE_PRODUCT = YES;
			};
			name = Release;
		};
		F5C5F03F2D65A54C000D3812 /* Debug */ = {
			isa = XCBuildConfiguration;
			buildSettings = {
				BUNDLE_LOADER = "$(TEST_HOST)";
				CODE_SIGN_STYLE = Automatic;
				CURRENT_PROJECT_VERSION = 1;
				DEVELOPMENT_TEAM = B97JTSGWZ2;
				GENERATE_INFOPLIST_FILE = YES;
				IPHONEOS_DEPLOYMENT_TARGET = 18.2;
				MARKETING_VERSION = 1.0;
				PRODUCT_BUNDLE_IDENTIFIER = com.shibuyaxpress.EntrePatasVetTests;
				PRODUCT_NAME = "$(TARGET_NAME)";
				SWIFT_EMIT_LOC_STRINGS = NO;
				SWIFT_VERSION = 5.0;
				TARGETED_DEVICE_FAMILY = "1,2";
				TEST_HOST = "$(BUILT_PRODUCTS_DIR)/EntrePatasVet.app/$(BUNDLE_EXECUTABLE_FOLDER_PATH)/EntrePatasVet";
			};
			name = Debug;
		};
		F5C5F0402D65A54C000D3812 /* Release */ = {
			isa = XCBuildConfiguration;
			buildSettings = {
				BUNDLE_LOADER = "$(TEST_HOST)";
				CODE_SIGN_STYLE = Automatic;
				CURRENT_PROJECT_VERSION = 1;
				DEVELOPMENT_TEAM = B97JTSGWZ2;
				GENERATE_INFOPLIST_FILE = YES;
				IPHONEOS_DEPLOYMENT_TARGET = 18.2;
				MARKETING_VERSION = 1.0;
				PRODUCT_BUNDLE_IDENTIFIER = com.shibuyaxpress.EntrePatasVetTests;
				PRODUCT_NAME = "$(TARGET_NAME)";
				SWIFT_EMIT_LOC_STRINGS = NO;
				SWIFT_VERSION = 5.0;
				TARGETED_DEVICE_FAMILY = "1,2";
				TEST_HOST = "$(BUILT_PRODUCTS_DIR)/EntrePatasVet.app/$(BUNDLE_EXECUTABLE_FOLDER_PATH)/EntrePatasVet";
			};
			name = Release;
		};
		F5C5F0422D65A54C000D3812 /* Debug */ = {
			isa = XCBuildConfiguration;
			buildSettings = {
				CODE_SIGN_STYLE = Automatic;
				CURRENT_PROJECT_VERSION = 1;
				DEVELOPMENT_TEAM = B97JTSGWZ2;
				GENERATE_INFOPLIST_FILE = YES;
				MARKETING_VERSION = 1.0;
				PRODUCT_BUNDLE_IDENTIFIER = com.shibuyaxpress.EntrePatasVetUITests;
				PRODUCT_NAME = "$(TARGET_NAME)";
				SWIFT_EMIT_LOC_STRINGS = NO;
				SWIFT_VERSION = 5.0;
				TARGETED_DEVICE_FAMILY = "1,2";
				TEST_TARGET_NAME = EntrePatasVet;
			};
			name = Debug;
		};
		F5C5F0432D65A54C000D3812 /* Release */ = {
			isa = XCBuildConfiguration;
			buildSettings = {
				CODE_SIGN_STYLE = Automatic;
				CURRENT_PROJECT_VERSION = 1;
				DEVELOPMENT_TEAM = B97JTSGWZ2;
				GENERATE_INFOPLIST_FILE = YES;
				MARKETING_VERSION = 1.0;
				PRODUCT_BUNDLE_IDENTIFIER = com.shibuyaxpress.EntrePatasVetUITests;
				PRODUCT_NAME = "$(TARGET_NAME)";
				SWIFT_EMIT_LOC_STRINGS = NO;
				SWIFT_VERSION = 5.0;
				TARGETED_DEVICE_FAMILY = "1,2";
				TEST_TARGET_NAME = EntrePatasVet;
			};
			name = Release;
		};
/* End XCBuildConfiguration section */

/* Begin XCConfigurationList section */
		F5C5F00B2D65A547000D3812 /* Build configuration list for PBXProject "EntrePatasVet" */ = {
			isa = XCConfigurationList;
			buildConfigurations = (
				F5C5F03C2D65A54C000D3812 /* Debug */,
				F5C5F03D2D65A54C000D3812 /* Release */,
			);
			defaultConfigurationIsVisible = 0;
			defaultConfigurationName = Release;
		};
		F5C5F0392D65A54C000D3812 /* Build configuration list for PBXNativeTarget "EntrePatasVet" */ = {
			isa = XCConfigurationList;
			buildConfigurations = (
				F5C5F03A2D65A54C000D3812 /* Debug */,
				F5C5F03B2D65A54C000D3812 /* Release */,
			);
			defaultConfigurationIsVisible = 0;
			defaultConfigurationName = Release;
		};
		F5C5F03E2D65A54C000D3812 /* Build configuration list for PBXNativeTarget "EntrePatasVetTests" */ = {
			isa = XCConfigurationList;
			buildConfigurations = (
				F5C5F03F2D65A54C000D3812 /* Debug */,
				F5C5F0402D65A54C000D3812 /* Release */,
			);
			defaultConfigurationIsVisible = 0;
			defaultConfigurationName = Release;
		};
		F5C5F0412D65A54C000D3812 /* Build configuration list for PBXNativeTarget "EntrePatasVetUITests" */ = {
			isa = XCConfigurationList;
			buildConfigurations = (
				F5C5F0422D65A54C000D3812 /* Debug */,
				F5C5F0432D65A54C000D3812 /* Release */,
			);
			defaultConfigurationIsVisible = 0;
			defaultConfigurationName = Release;
		};
/* End XCConfigurationList section */
	};
	rootObject = F5C5F0082D65A547000D3812 /* Project object */;
}
